// !$*UTF8*$!
{
	archiveVersion = 1;
	classes = {
	};
	objectVersion = 46;
	objects = {

/* Begin PBXBuildFile section */
		FADF829E169CBD3800DC6805 /* UIKit.framework in Frameworks */ = {isa = PBXBuildFile; fileRef = FADF829D169CBD3800DC6805 /* UIKit.framework */; };
		FADF82A0169CBD3800DC6805 /* Foundation.framework in Frameworks */ = {isa = PBXBuildFile; fileRef = FADF829F169CBD3800DC6805 /* Foundation.framework */; };
		FADF82A2169CBD3800DC6805 /* CoreGraphics.framework in Frameworks */ = {isa = PBXBuildFile; fileRef = FADF82A1169CBD3800DC6805 /* CoreGraphics.framework */; };
		FADF82A8169CBD3800DC6805 /* InfoPlist.strings in Resources */ = {isa = PBXBuildFile; fileRef = FADF82A6169CBD3800DC6805 /* InfoPlist.strings */; };
		FADF82AA169CBD3800DC6805 /* main.m in Sources */ = {isa = PBXBuildFile; fileRef = FADF82A9169CBD3800DC6805 /* main.m */; };
		FADF82AE169CBD3800DC6805 /* AppDelegate.m in Sources */ = {isa = PBXBuildFile; fileRef = FADF82AD169CBD3800DC6805 /* AppDelegate.m */; };
		FADF82B0169CBD3800DC6805 /* Default.png in Resources */ = {isa = PBXBuildFile; fileRef = FADF82AF169CBD3800DC6805 /* Default.png */; };
		FADF82B2169CBD3800DC6805 /* Default@2x.png in Resources */ = {isa = PBXBuildFile; fileRef = FADF82B1169CBD3800DC6805 /* Default@2x.png */; };
		FADF82B4169CBD3800DC6805 /* Default-568h@2x.png in Resources */ = {isa = PBXBuildFile; fileRef = FADF82B3169CBD3800DC6805 /* Default-568h@2x.png */; };
		FADF82B7169CBD3800DC6805 /* MainStoryboard.storyboard in Resources */ = {isa = PBXBuildFile; fileRef = FADF82B5169CBD3800DC6805 /* MainStoryboard.storyboard */; };
		FADF82BA169CBD3800DC6805 /* ViewController.m in Sources */ = {isa = PBXBuildFile; fileRef = FADF82B9169CBD3800DC6805 /* ViewController.m */; };
/* End PBXBuildFile section */

/* Begin PBXFileReference section */
		FADF8299169CBD3800DC6805 /* Ejercicio1Tema15.app */ = {isa = PBXFileReference; explicitFileType = wrapper.application; includeInIndex = 0; path = Ejercicio1Tema15.app; sourceTree = BUILT_PRODUCTS_DIR; };
		FADF829D169CBD3800DC6805 /* UIKit.framework */ = {isa = PBXFileReference; lastKnownFileType = wrapper.framework; name = UIKit.framework; path = System/Library/Frameworks/UIKit.framework; sourceTree = SDKROOT; };
		FADF829F169CBD3800DC6805 /* Foundation.framework */ = {isa = PBXFileReference; lastKnownFileType = wrapper.framework; name = Foundation.framework; path = System/Library/Frameworks/Foundation.framework; sourceTree = SDKROOT; };
		FADF82A1169CBD3800DC6805 /* CoreGraphics.framework */ = {isa = PBXFileReference; lastKnownFileType = wrapper.framework; name = CoreGraphics.framework; path = System/Library/Frameworks/CoreGraphics.framework; sourceTree = SDKROOT; };
		FADF82A5169CBD3800DC6805 /* Ejercicio1Tema15-Info.plist */ = {isa = PBXFileReference; lastKnownFileType = text.plist.xml; path = "Ejercicio1Tema15-Info.plist"; sourceTree = "<group>"; };
		FADF82A7169CBD3800DC6805 /* en */ = {isa = PBXFileReference; lastKnownFileType = text.plist.strings; name = en; path = en.lproj/InfoPlist.strings; sourceTree = "<group>"; };
		FADF82A9169CBD3800DC6805 /* main.m */ = {isa = PBXFileReference; lastKnownFileType = sourcecode.c.objc; path = main.m; sourceTree = "<group>"; };
		FADF82AB169CBD3800DC6805 /* Ejercicio1Tema15-Prefix.pch */ = {isa = PBXFileReference; lastKnownFileType = sourcecode.c.h; path = "Ejercicio1Tema15-Prefix.pch"; sourceTree = "<group>"; };
		FADF82AC169CBD3800DC6805 /* AppDelegate.h */ = {isa = PBXFileReference; lastKnownFileType = sourcecode.c.h; path = AppDelegate.h; sourceTree = "<group>"; };
		FADF82AD169CBD3800DC6805 /* AppDelegate.m */ = {isa = PBXFileReference; lastKnownFileType = sourcecode.c.objc; path = AppDelegate.m; sourceTree = "<group>"; };
		FADF82AF169CBD3800DC6805 /* Default.png */ = {isa = PBXFileReference; lastKnownFileType = image.png; path = Default.png; sourceTree = "<group>"; };
		FADF82B1169CBD3800DC6805 /* Default@2x.png */ = {isa = PBXFileReference; lastKnownFileType = image.png; path = "Default@2x.png"; sourceTree = "<group>"; };
		FADF82B3169CBD3800DC6805 /* Default-568h@2x.png */ = {isa = PBXFileReference; lastKnownFileType = image.png; path = "Default-568h@2x.png"; sourceTree = "<group>"; };
		FADF82B6169CBD3800DC6805 /* en */ = {isa = PBXFileReference; lastKnownFileType = file.storyboard; name = en; path = en.lproj/MainStoryboard.storyboard; sourceTree = "<group>"; };
		FADF82B8169CBD3800DC6805 /* ViewController.h */ = {isa = PBXFileReference; lastKnownFileType = sourcecode.c.h; path = ViewController.h; sourceTree = "<group>"; };
		FADF82B9169CBD3800DC6805 /* ViewController.m */ = {isa = PBXFileReference; lastKnownFileType = sourcecode.c.objc; path = ViewController.m; sourceTree = "<group>"; };
/* End PBXFileReference section */

/* Begin PBXFrameworksBuildPhase section */
		FADF8296169CBD3800DC6805 /* Frameworks */ = {
			isa = PBXFrameworksBuildPhase;
			buildActionMask = 2147483647;
			files = (
				FADF829E169CBD3800DC6805 /* UIKit.framework in Frameworks */,
				FADF82A0169CBD3800DC6805 /* Foundation.framework in Frameworks */,
				FADF82A2169CBD3800DC6805 /* CoreGraphics.framework in Frameworks */,
			);
			runOnlyForDeploymentPostprocessing = 0;
		};
/* End PBXFrameworksBuildPhase section */

/* Begin PBXGroup section */
		FADF828E169CBD3800DC6805 = {
			isa = PBXGroup;
			children = (
				FADF82A3169CBD3800DC6805 /* Ejercicio1Tema15 */,
				FADF829C169CBD3800DC6805 /* Frameworks */,
				FADF829A169CBD3800DC6805 /* Products */,
			);
			sourceTree = "<group>";
		};
		FADF829A169CBD3800DC6805 /* Products */ = {
			isa = PBXGroup;
			children = (
				FADF8299169CBD3800DC6805 /* Ejercicio1Tema15.app */,
			);
			name = Products;
			sourceTree = "<group>";
		};
		FADF829C169CBD3800DC6805 /* Frameworks */ = {
			isa = PBXGroup;
			children = (
				FADF829D169CBD3800DC6805 /* UIKit.framework */,
				FADF829F169CBD3800DC6805 /* Foundation.framework */,
				FADF82A1169CBD3800DC6805 /* CoreGraphics.framework */,
			);
			name = Frameworks;
			sourceTree = "<group>";
		};
		FADF82A3169CBD3800DC6805 /* Ejercicio1Tema15 */ = {
			isa = PBXGroup;
			children = (
				FADF82AC169CBD3800DC6805 /* AppDelegate.h */,
				FADF82AD169CBD3800DC6805 /* AppDelegate.m */,
				FADF82B5169CBD3800DC6805 /* MainStoryboard.storyboard */,
				FADF82B8169CBD3800DC6805 /* ViewController.h */,
				FADF82B9169CBD3800DC6805 /* ViewController.m */,
				FADF82A4169CBD3800DC6805 /* Supporting Files */,
			);
			path = Ejercicio1Tema15;
			sourceTree = "<group>";
		};
		FADF82A4169CBD3800DC6805 /* Supporting Files */ = {
			isa = PBXGroup;
			children = (
				FADF82A5169CBD3800DC6805 /* Ejercicio1Tema15-Info.plist */,
				FADF82A6169CBD3800DC6805 /* InfoPlist.strings */,
				FADF82A9169CBD3800DC6805 /* main.m */,
				FADF82AB169CBD3800DC6805 /* Ejercicio1Tema15-Prefix.pch */,
				FADF82AF169CBD3800DC6805 /* Default.png */,
				FADF82B1169CBD3800DC6805 /* Default@2x.png */,
				FADF82B3169CBD3800DC6805 /* Default-568h@2x.png */,
			);
			name = "Supporting Files";
			sourceTree = "<group>";
		};
/* End PBXGroup section */

/* Begin PBXNativeTarget section */
		FADF8298169CBD3800DC6805 /* Ejercicio1Tema15 */ = {
			isa = PBXNativeTarget;
			buildConfigurationList = FADF82BD169CBD3800DC6805 /* Build configuration list for PBXNativeTarget "Ejercicio1Tema15" */;
			buildPhases = (
				FADF8295169CBD3800DC6805 /* Sources */,
				FADF8296169CBD3800DC6805 /* Frameworks */,
				FADF8297169CBD3800DC6805 /* Resources */,
			);
			buildRules = (
			);
			dependencies = (
			);
			name = Ejercicio1Tema15;
			productName = Ejercicio1Tema15;
			productReference = FADF8299169CBD3800DC6805 /* Ejercicio1Tema15.app */;
			productType = "com.apple.product-type.application";
		};
/* End PBXNativeTarget section */

/* Begin PBXProject section */
		FADF8290169CBD3800DC6805 /* Project object */ = {
			isa = PBXProject;
			attributes = {
				LastUpgradeCheck = 0450;
				ORGANIZATIONNAME = macbook;
			};
			buildConfigurationList = FADF8293169CBD3800DC6805 /* Build configuration list for PBXProject "Ejercicio1Tema15" */;
			compatibilityVersion = "Xcode 3.2";
			developmentRegion = English;
			hasScannedForEncodings = 0;
			knownRegions = (
				en,
			);
			mainGroup = FADF828E169CBD3800DC6805;
			productRefGroup = FADF829A169CBD3800DC6805 /* Products */;
			projectDirPath = "";
			projectRoot = "";
			targets = (
				FADF8298169CBD3800DC6805 /* Ejercicio1Tema15 */,
			);
		};
/* End PBXProject section */

/* Begin PBXResourcesBuildPhase section */
		FADF8297169CBD3800DC6805 /* Resources */ = {
			isa = PBXResourcesBuildPhase;
			buildActionMask = 2147483647;
			files = (
				FADF82A8169CBD3800DC6805 /* InfoPlist.strings in Resources */,
				FADF82B0169CBD3800DC6805 /* Default.png in Resources */,
				FADF82B2169CBD3800DC6805 /* Default@2x.png in Resources */,
				FADF82B4169CBD3800DC6805 /* Default-568h@2x.png in Resources */,
				FADF82B7169CBD3800DC6805 /* MainStoryboard.storyboard in Resources */,
			);
			runOnlyForDeploymentPostprocessing = 0;
		};
/* End PBXResourcesBuildPhase section */

/* Begin PBXSourcesBuildPhase section */
		FADF8295169CBD3800DC6805 /* Sources */ = {
			isa = PBXSourcesBuildPhase;
			buildActionMask = 2147483647;
			files = (
				FADF82AA169CBD3800DC6805 /* main.m in Sources */,
				FADF82AE169CBD3800DC6805 /* AppDelegate.m in Sources */,
				FADF82BA169CBD3800DC6805 /* ViewController.m in Sources */,
			);
			runOnlyForDeploymentPostprocessing = 0;
		};
/* End PBXSourcesBuildPhase section */

/* Begin PBXVariantGroup section */
		FADF82A6169CBD3800DC6805 /* InfoPlist.strings */ = {
			isa = PBXVariantGroup;
			children = (
				FADF82A7169CBD3800DC6805 /* en */,
			);
			name = InfoPlist.strings;
			sourceTree = "<group>";
		};
		FADF82B5169CBD3800DC6805 /* MainStoryboard.storyboard */ = {
			isa = PBXVariantGroup;
			children = (
				FADF82B6169CBD3800DC6805 /* en */,
			);
			name = MainStoryboard.storyboard;
			sourceTree = "<group>";
		};
/* End PBXVariantGroup section */

/* Begin XCBuildConfiguration section */
		FADF82BB169CBD3800DC6805 /* Debug */ = {
			isa = XCBuildConfiguration;
			buildSettings = {
				ALWAYS_SEARCH_USER_PATHS = NO;
				CLANG_CXX_LANGUAGE_STANDARD = "gnu++0x";
				CLANG_CXX_LIBRARY = "libc++";
				CLANG_ENABLE_OBJC_ARC = YES;
				CLANG_WARN_EMPTY_BODY = YES;
				CLANG_WARN__DUPLICATE_METHOD_MATCH = YES;
				"CODE_SIGN_IDENTITY[sdk=iphoneos*]" = "iPhone Developer";
				COPY_PHASE_STRIP = NO;
				GCC_C_LANGUAGE_STANDARD = gnu99;
				GCC_DYNAMIC_NO_PIC = NO;
				GCC_OPTIMIZATION_LEVEL = 0;
				GCC_PREPROCESSOR_DEFINITIONS = (
					"DEBUG=1",
					"$(inherited)",
				);
				GCC_SYMBOLS_PRIVATE_EXTERN = NO;
				GCC_WARN_ABOUT_RETURN_TYPE = YES;
				GCC_WARN_UNINITIALIZED_AUTOS = YES;
				GCC_WARN_UNUSED_VARIABLE = YES;
				IPHONEOS_DEPLOYMENT_TARGET = 6.0;
				ONLY_ACTIVE_ARCH = YES;
				SDKROOT = iphoneos;
				TARGETED_DEVICE_FAMILY = 2;
			};
			name = Debug;
		};
		FADF82BC169CBD3800DC6805 /* Release */ = {
			isa = XCBuildConfiguration;
			buildSettings = {
				ALWAYS_SEARCH_USER_PATHS = NO;
				CLANG_CXX_LANGUAGE_STANDARD = "gnu++0x";
				CLANG_CXX_LIBRARY = "libc++";
				CLANG_ENABLE_OBJC_ARC = YES;
				CLANG_WARN_EMPTY_BODY = YES;
				CLANG_WARN__DUPLICATE_METHOD_MATCH = YES;
				"CODE_SIGN_IDENTITY[sdk=iphoneos*]" = "iPhone Developer";
				COPY_PHASE_STRIP = YES;
				GCC_C_LANGUAGE_STANDARD = gnu99;
				GCC_WARN_ABOUT_RETURN_TYPE = YES;
				GCC_WARN_UNINITIALIZED_AUTOS = YES;
				GCC_WARN_UNUSED_VARIABLE = YES;
				IPHONEOS_DEPLOYMENT_TARGET = 6.0;
				OTHER_CFLAGS = "-DNS_BLOCK_ASSERTIONS=1";
				SDKROOT = iphoneos;
				TARGETED_DEVICE_FAMILY = 2;
				VALIDATE_PRODUCT = YES;
			};
			name = Release;
		};
		FADF82BE169CBD3800DC6805 /* Debug */ = {
			isa = XCBuildConfiguration;
			buildSettings = {
				GCC_PRECOMPILE_PREFIX_HEADER = YES;
				GCC_PREFIX_HEADER = "Ejercicio1Tema15/Ejercicio1Tema15-Prefix.pch";
				INFOPLIST_FILE = "Ejercicio1Tema15/Ejercicio1Tema15-Info.plist";
				PRODUCT_NAME = "$(TARGET_NAME)";
				WRAPPER_EXTENSION = app;
			};
			name = Debug;
		};
		FADF82BF169CBD3800DC6805 /* Release */ = {
			isa = XCBuildConfiguration;
			buildSettings = {
				GCC_PRECOMPILE_PREFIX_HEADER = YES;
				GCC_PREFIX_HEADER = "Ejercicio1Tema15/Ejercicio1Tema15-Prefix.pch";
				INFOPLIST_FILE = "Ejercicio1Tema15/Ejercicio1Tema15-Info.plist";
				PRODUCT_NAME = "$(TARGET_NAME)";
				WRAPPER_EXTENSION = app;
			};
			name = Release;
		};
/* End XCBuildConfiguration section */

/* Begin XCConfigurationList section */
		FADF8293169CBD3800DC6805 /* Build configuration list for PBXProject "Ejercicio1Tema15" */ = {
			isa = XCConfigurationList;
			buildConfigurations = (
				FADF82BB169CBD3800DC6805 /* Debug */,
				FADF82BC169CBD3800DC6805 /* Release */,
			);
			defaultConfigurationIsVisible = 0;
			defaultConfigurationName = Release;
		};
		FADF82BD169CBD3800DC6805 /* Build configuration list for PBXNativeTarget "Ejercicio1Tema15" */ = {
			isa = XCConfigurationList;
			buildConfigurations = (
				FADF82BE169CBD3800DC6805 /* Debug */,
				FADF82BF169CBD3800DC6805 /* Release */,
			);
			defaultConfigurationIsVisible = 0;
		};
/* End XCConfigurationList section */
	};
	rootObject = FADF8290169CBD3800DC6805 /* Project object */;
}
